
Microsoft Visual Studio Solution File, Format Version 12.00
# Visual Studio Version 16
VisualStudioVersion = 16.0.31321.278
MinimumVisualStudioVersion = 10.0.40219.1
Project("{9A19103F-16F7-4668-BE54-9A1E7A4F7556}") = "CsvSorter", "CsvSorter.csproj", "{487218C3-705A-4044-8E04-CD05563B1BC9}"
EndProject
Global
	GlobalSection(SolutionConfigurationPlatforms) = preSolution
		Debug|Any CPU = Debug|Any CPU
		Release|Any CPU = Release|Any CPU
	EndGlobalSection
	GlobalSection(ProjectConfigurationPlatforms) = postSolution
		{487218C3-705A-4044-8E04-CD05563B1BC9}.Debug|Any CPU.ActiveCfg = Debug|Any CPU
		{487218C3-705A-4044-8E04-CD05563B1BC9}.Debug|Any CPU.Build.0 = Debug|Any CPU
		{487218C3-705A-4044-8E04-CD05563B1BC9}.Release|Any CPU.ActiveCfg = Release|Any CPU
		{487218C3-705A-4044-8E04-CD05563B1BC9}.Release|Any CPU.Build.0 = Release|Any CPU
	EndGlobalSection
	GlobalSection(SolutionProperties) = preSolution
		HideSolutionNode = FALSE
	EndGlobalSection
	GlobalSection(ExtensibilityGlobals) = postSolution
		SolutionGuid = {93012AEC-3F4B-49BE-B582-C0C3412B004E}
	EndGlobalSection
EndGlobal
